
Microsoft Visual Studio Solution File, Format Version 11.00
# Visual Studio 2010
Project("{F184B08F-C81C-45F6-A57F-5ABD9991F28F}") = "COVID19", "COVID19.vbproj", "{DEAE1C7F-0023-4D47-BB6F-46C22C32584C}"
EndProject
Global
	GlobalSection(SolutionConfigurationPlatforms) = preSolution
		Debug|x86 = Debug|x86
		Release|x86 = Release|x86
	EndGlobalSection
	GlobalSection(ProjectConfigurationPlatforms) = postSolution
		{DEAE1C7F-0023-4D47-BB6F-46C22C32584C}.Debug|x86.ActiveCfg = Debug|x86
		{DEAE1C7F-0023-4D47-BB6F-46C22C32584C}.Debug|x86.Build.0 = Debug|x86
		{DEAE1C7F-0023-4D47-BB6F-46C22C32584C}.Release|x86.ActiveCfg = Release|x86
		{DEAE1C7F-0023-4D47-BB6F-46C22C32584C}.Release|x86.Build.0 = Release|x86
	EndGlobalSection
	GlobalSection(SolutionProperties) = preSolution
		HideSolutionNode = FALSE
	EndGlobalSection
EndGlobal
